// !$*UTF8*$!
{
	archiveVersion = 1;
	classes = {
	};
	objectVersion = 77;
	objects = {

/* Begin PBXContainerItemProxy section */
		ABADDBAB2D06F38700EB2AC8 /* PBXContainerItemProxy */ = {
			isa = PBXContainerItemProxy;
			containerPortal = ABADDB922D06F38400EB2AC8 /* Project object */;
			proxyType = 1;
			remoteGlobalIDString = ABADDB992D06F38500EB2AC8;
			remoteInfo = "H4K3R N3W5";
		};
		ABADDBB52D06F38700EB2AC8 /* PBXContainerItemProxy */ = {
			isa = PBXContainerItemProxy;
			containerPortal = ABADDB922D06F38400EB2AC8 /* Project object */;
			proxyType = 1;
			remoteGlobalIDString = ABADDB992D06F38500EB2AC8;
			remoteInfo = "H4K3R N3W5";
		};
/* End PBXContainerItemProxy section */

/* Begin PBXFileReference section */
		ABADDB9A2D06F38500EB2AC8 /* H4K3R N3W5.app */ = {isa = PBXFileReference; explicitFileType = wrapper.application; includeInIndex = 0; path = "H4K3R N3W5.app"; sourceTree = BUILT_PRODUCTS_DIR; };
		ABADDBAA2D06F38700EB2AC8 /* H4K3R N3W5Tests.xctest */ = {isa = PBXFileReference; explicitFileType = wrapper.cfbundle; includeInIndex = 0; path = "H4K3R N3W5Tests.xctest"; sourceTree = BUILT_PRODUCTS_DIR; };
		ABADDBB42D06F38700EB2AC8 /* H4K3R N3W5UITests.xctest */ = {isa = PBXFileReference; explicitFileType = wrapper.cfbundle; includeInIndex = 0; path = "H4K3R N3W5UITests.xctest"; sourceTree = BUILT_PRODUCTS_DIR; };
/* End PBXFileReference section */

/* Begin PBXFileSystemSynchronizedRootGroup section */
		ABADDB9C2D06F38500EB2AC8 /* H4K3R N3W5 */ = {
			isa = PBXFileSystemSynchronizedRootGroup;
			path = "H4K3R N3W5";
			sourceTree = "<group>";
		};
		ABADDBAD2D06F38700EB2AC8 /* H4K3R N3W5Tests */ = {
			isa = PBXFileSystemSynchronizedRootGroup;
			path = "H4K3R N3W5Tests";
			sourceTree = "<group>";
		};
		ABADDBB72D06F38700EB2AC8 /* H4K3R N3W5UITests */ = {
			isa = PBXFileSystemSynchronizedRootGroup;
			path = "H4K3R N3W5UITests";
			sourceTree = "<group>";
		};
/* End PBXFileSystemSynchronizedRootGroup section */

/* Begin PBXFrameworksBuildPhase section */
		ABADDB972D06F38500EB2AC8 /* Frameworks */ = {
			isa = PBXFrameworksBuildPhase;
			buildActionMask = 2147483647;
			files = (
			);
			runOnlyForDeploymentPostprocessing = 0;
		};
		ABADDBA72D06F38700EB2AC8 /* Frameworks */ = {
			isa = PBXFrameworksBuildPhase;
			buildActionMask = 2147483647;
			files = (
			);
			runOnlyForDeploymentPostprocessing = 0;
		};
		ABADDBB12D06F38700EB2AC8 /* Frameworks */ = {
			isa = PBXFrameworksBuildPhase;
			buildActionMask = 2147483647;
			files = (
			);
			runOnlyForDeploymentPostprocessing = 0;
		};
/* End PBXFrameworksBuildPhase section */

/* Begin PBXGroup section */
		ABADDB912D06F38400EB2AC8 = {
			isa = PBXGroup;
			children = (
				ABADDB9C2D06F38500EB2AC8 /* H4K3R N3W5 */,
				ABADDBAD2D06F38700EB2AC8 /* H4K3R N3W5Tests */,
				ABADDBB72D06F38700EB2AC8 /* H4K3R N3W5UITests */,
				ABADDB9B2D06F38500EB2AC8 /* Products */,
			);
			sourceTree = "<group>";
		};
		ABADDB9B2D06F38500EB2AC8 /* Products */ = {
			isa = PBXGroup;
			children = (
				ABADDB9A2D06F38500EB2AC8 /* H4K3R N3W5.app */,
				ABADDBAA2D06F38700EB2AC8 /* H4K3R N3W5Tests.xctest */,
				ABADDBB42D06F38700EB2AC8 /* H4K3R N3W5UITests.xctest */,
			);
			name = Products;
			sourceTree = "<group>";
		};
/* End PBXGroup section */

/* Begin PBXNativeTarget section */
		ABADDB992D06F38500EB2AC8 /* H4K3R N3W5 */ = {
			isa = PBXNativeTarget;
			buildConfigurationList = ABADDBBE2D06F38700EB2AC8 /* Build configuration list for PBXNativeTarget "H4K3R N3W5" */;
			buildPhases = (
				ABADDB962D06F38500EB2AC8 /* Sources */,
				ABADDB972D06F38500EB2AC8 /* Frameworks */,
				ABADDB982D06F38500EB2AC8 /* Resources */,
			);
			buildRules = (
			);
			dependencies = (
			);
			fileSystemSynchronizedGroups = (
				ABADDB9C2D06F38500EB2AC8 /* H4K3R N3W5 */,
			);
			name = "H4K3R N3W5";
			packageProductDependencies = (
			);
			productName = "H4K3R N3W5";
			productReference = ABADDB9A2D06F38500EB2AC8 /* H4K3R N3W5.app */;
			productType = "com.apple.product-type.application";
		};
		ABADDBA92D06F38700EB2AC8 /* H4K3R N3W5Tests */ = {
			isa = PBXNativeTarget;
			buildConfigurationList = ABADDBC12D06F38700EB2AC8 /* Build configuration list for PBXNativeTarget "H4K3R N3W5Tests" */;
			buildPhases = (
				ABADDBA62D06F38700EB2AC8 /* Sources */,
				ABADDBA72D06F38700EB2AC8 /* Frameworks */,
				ABADDBA82D06F38700EB2AC8 /* Resources */,
			);
			buildRules = (
			);
			dependencies = (
				ABADDBAC2D06F38700EB2AC8 /* PBXTargetDependency */,
			);
			fileSystemSynchronizedGroups = (
				ABADDBAD2D06F38700EB2AC8 /* H4K3R N3W5Tests */,
			);
			name = "H4K3R N3W5Tests";
			packageProductDependencies = (
			);
			productName = "H4K3R N3W5Tests";
			productReference = ABADDBAA2D06F38700EB2AC8 /* H4K3R N3W5Tests.xctest */;
			productType = "com.apple.product-type.bundle.unit-test";
		};
		ABADDBB32D06F38700EB2AC8 /* H4K3R N3W5UITests */ = {
			isa = PBXNativeTarget;
			buildConfigurationList = ABADDBC42D06F38700EB2AC8 /* Build configuration list for PBXNativeTarget "H4K3R N3W5UITests" */;
			buildPhases = (
				ABADDBB02D06F38700EB2AC8 /* Sources */,
				ABADDBB12D06F38700EB2AC8 /* Frameworks */,
				ABADDBB22D06F38700EB2AC8 /* Resources */,
			);
			buildRules = (
			);
			dependencies = (
				ABADDBB62D06F38700EB2AC8 /* PBXTargetDependency */,
			);
			fileSystemSynchronizedGroups = (
				ABADDBB72D06F38700EB2AC8 /* H4K3R N3W5UITests */,
			);
			name = "H4K3R N3W5UITests";
			packageProductDependencies = (
			);
			productName = "H4K3R N3W5UITests";
			productReference = ABADDBB42D06F38700EB2AC8 /* H4K3R N3W5UITests.xctest */;
			productType = "com.apple.product-type.bundle.ui-testing";
		};
/* End PBXNativeTarget section */

/* Begin PBXProject section */
		ABADDB922D06F38400EB2AC8 /* Project object */ = {
			isa = PBXProject;
			attributes = {
				BuildIndependentTargetsInParallel = 1;
				LastSwiftUpdateCheck = 1600;
				LastUpgradeCheck = 1600;
				TargetAttributes = {
					ABADDB992D06F38500EB2AC8 = {
						CreatedOnToolsVersion = 16.0;
					};
					ABADDBA92D06F38700EB2AC8 = {
						CreatedOnToolsVersion = 16.0;
						TestTargetID = ABADDB992D06F38500EB2AC8;
					};
					ABADDBB32D06F38700EB2AC8 = {
						CreatedOnToolsVersion = 16.0;
						TestTargetID = ABADDB992D06F38500EB2AC8;
					};
				};
			};
			buildConfigurationList = ABADDB952D06F38400EB2AC8 /* Build configuration list for PBXProject "H4K3R N3W5" */;
			developmentRegion = en;
			hasScannedForEncodings = 0;
			knownRegions = (
				en,
				Base,
			);
			mainGroup = ABADDB912D06F38400EB2AC8;
			minimizedProjectReferenceProxies = 1;
			preferredProjectObjectVersion = 77;
			productRefGroup = ABADDB9B2D06F38500EB2AC8 /* Products */;
			projectDirPath = "";
			projectRoot = "";
			targets = (
				ABADDB992D06F38500EB2AC8 /* H4K3R N3W5 */,
				ABADDBA92D06F38700EB2AC8 /* H4K3R N3W5Tests */,
				ABADDBB32D06F38700EB2AC8 /* H4K3R N3W5UITests */,
			);
		};
/* End PBXProject section */

/* Begin PBXResourcesBuildPhase section */
		ABADDB982D06F38500EB2AC8 /* Resources */ = {
			isa = PBXResourcesBuildPhase;
			buildActionMask = 2147483647;
			files = (
			);
			runOnlyForDeploymentPostprocessing = 0;
		};
		ABADDBA82D06F38700EB2AC8 /* Resources */ = {
			isa = PBXResourcesBuildPhase;
			buildActionMask = 2147483647;
			files = (
			);
			runOnlyForDeploymentPostprocessing = 0;
		};
		ABADDBB22D06F38700EB2AC8 /* Resources */ = {
			isa = PBXResourcesBuildPhase;
			buildActionMask = 2147483647;
			files = (
			);
			runOnlyForDeploymentPostprocessing = 0;
		};
/* End PBXResourcesBuildPhase section */

/* Begin PBXSourcesBuildPhase section */
		ABADDB962D06F38500EB2AC8 /* Sources */ = {
			isa = PBXSourcesBuildPhase;
			buildActionMask = 2147483647;
			files = (
			);
			runOnlyForDeploymentPostprocessing = 0;
		};
		ABADDBA62D06F38700EB2AC8 /* Sources */ = {
			isa = PBXSourcesBuildPhase;
			buildActionMask = 2147483647;
			files = (
			);
			runOnlyForDeploymentPostprocessing = 0;
		};
		ABADDBB02D06F38700EB2AC8 /* Sources */ = {
			isa = PBXSourcesBuildPhase;
			buildActionMask = 2147483647;
			files = (
			);
			runOnlyForDeploymentPostprocessing = 0;
		};
/* End PBXSourcesBuildPhase section */

/* Begin PBXTargetDependency section */
		ABADDBAC2D06F38700EB2AC8 /* PBXTargetDependency */ = {
			isa = PBXTargetDependency;
			target = ABADDB992D06F38500EB2AC8 /* H4K3R N3W5 */;
			targetProxy = ABADDBAB2D06F38700EB2AC8 /* PBXContainerItemProxy */;
		};
		ABADDBB62D06F38700EB2AC8 /* PBXTargetDependency */ = {
			isa = PBXTargetDependency;
			target = ABADDB992D06F38500EB2AC8 /* H4K3R N3W5 */;
			targetProxy = ABADDBB52D06F38700EB2AC8 /* PBXContainerItemProxy */;
		};
/* End PBXTargetDependency section */

/* Begin XCBuildConfiguration section */
		ABADDBBC2D06F38700EB2AC8 /* Debug */ = {
			isa = XCBuildConfiguration;
			buildSettings = {
				ALWAYS_SEARCH_USER_PATHS = NO;
				ASSETCATALOG_COMPILER_GENERATE_SWIFT_ASSET_SYMBOL_EXTENSIONS = YES;
				CLANG_ANALYZER_NONNULL = YES;
				CLANG_ANALYZER_NUMBER_OBJECT_CONVERSION = YES_AGGRESSIVE;
				CLANG_CXX_LANGUAGE_STANDARD = "gnu++20";
				CLANG_ENABLE_MODULES = YES;
				CLANG_ENABLE_OBJC_ARC = YES;
				CLANG_ENABLE_OBJC_WEAK = YES;
				CLANG_WARN_BLOCK_CAPTURE_AUTORELEASING = YES;
				CLANG_WARN_BOOL_CONVERSION = YES;
				CLANG_WARN_COMMA = YES;
				CLANG_WARN_CONSTANT_CONVERSION = YES;
				CLANG_WARN_DEPRECATED_OBJC_IMPLEMENTATIONS = YES;
				CLANG_WARN_DIRECT_OBJC_ISA_USAGE = YES_ERROR;
				CLANG_WARN_DOCUMENTATION_COMMENTS = YES;
				CLANG_WARN_EMPTY_BODY = YES;
				CLANG_WARN_ENUM_CONVERSION = YES;
				CLANG_WARN_INFINITE_RECURSION = YES;
				CLANG_WARN_INT_CONVERSION = YES;
				CLANG_WARN_NON_LITERAL_NULL_CONVERSION = YES;
				CLANG_WARN_OBJC_IMPLICIT_RETAIN_SELF = YES;
				CLANG_WARN_OBJC_LITERAL_CONVERSION = YES;
				CLANG_WARN_OBJC_ROOT_CLASS = YES_ERROR;
				CLANG_WARN_QUOTED_INCLUDE_IN_FRAMEWORK_HEADER = YES;
				CLANG_WARN_RANGE_LOOP_ANALYSIS = YES;
				CLANG_WARN_STRICT_PROTOTYPES = YES;
				CLANG_WARN_SUSPICIOUS_MOVE = YES;
				CLANG_WARN_UNGUARDED_AVAILABILITY = YES_AGGRESSIVE;
				CLANG_WARN_UNREACHABLE_CODE = YES;
				CLANG_WARN__DUPLICATE_METHOD_MATCH = YES;
				COPY_PHASE_STRIP = NO;
				DEBUG_INFORMATION_FORMAT = dwarf;
				ENABLE_STRICT_OBJC_MSGSEND = YES;
				ENABLE_TESTABILITY = YES;
				ENABLE_USER_SCRIPT_SANDBOXING = YES;
				GCC_C_LANGUAGE_STANDARD = gnu17;
				GCC_DYNAMIC_NO_PIC = NO;
				GCC_NO_COMMON_BLOCKS = YES;
				GCC_OPTIMIZATION_LEVEL = 0;
				GCC_PREPROCESSOR_DEFINITIONS = (
					"DEBUG=1",
					"$(inherited)",
				);
				GCC_WARN_64_TO_32_BIT_CONVERSION = YES;
				GCC_WARN_ABOUT_RETURN_TYPE = YES_ERROR;
				GCC_WARN_UNDECLARED_SELECTOR = YES;
				GCC_WARN_UNINITIALIZED_AUTOS = YES_AGGRESSIVE;
				GCC_WARN_UNUSED_FUNCTION = YES;
				GCC_WARN_UNUSED_VARIABLE = YES;
				IPHONEOS_DEPLOYMENT_TARGET = 18.0;
				LOCALIZATION_PREFERS_STRING_CATALOGS = YES;
				MTL_ENABLE_DEBUG_INFO = INCLUDE_SOURCE;
				MTL_FAST_MATH = YES;
				ONLY_ACTIVE_ARCH = YES;
				SDKROOT = iphoneos;
				SWIFT_ACTIVE_COMPILATION_CONDITIONS = "DEBUG $(inherited)";
				SWIFT_OPTIMIZATION_LEVEL = "-Onone";
			};
			name = Debug;
		};
		ABADDBBD2D06F38700EB2AC8 /* Release */ = {
			isa = XCBuildConfiguration;
			buildSettings = {
				ALWAYS_SEARCH_USER_PATHS = NO;
				ASSETCATALOG_COMPILER_GENERATE_SWIFT_ASSET_SYMBOL_EXTENSIONS = YES;
				CLANG_ANALYZER_NONNULL = YES;
				CLANG_ANALYZER_NUMBER_OBJECT_CONVERSION = YES_AGGRESSIVE;
				CLANG_CXX_LANGUAGE_STANDARD = "gnu++20";
				CLANG_ENABLE_MODULES = YES;
				CLANG_ENABLE_OBJC_ARC = YES;
				CLANG_ENABLE_OBJC_WEAK = YES;
				CLANG_WARN_BLOCK_CAPTURE_AUTORELEASING = YES;
				CLANG_WARN_BOOL_CONVERSION = YES;
				CLANG_WARN_COMMA = YES;
				CLANG_WARN_CONSTANT_CONVERSION = YES;
				CLANG_WARN_DEPRECATED_OBJC_IMPLEMENTATIONS = YES;
				CLANG_WARN_DIRECT_OBJC_ISA_USAGE = YES_ERROR;
				CLANG_WARN_DOCUMENTATION_COMMENTS = YES;
				CLANG_WARN_EMPTY_BODY = YES;
				CLANG_WARN_ENUM_CONVERSION = YES;
				CLANG_WARN_INFINITE_RECURSION = YES;
				CLANG_WARN_INT_CONVERSION = YES;
				CLANG_WARN_NON_LITERAL_NULL_CONVERSION = YES;
				CLANG_WARN_OBJC_IMPLICIT_RETAIN_SELF = YES;
				CLANG_WARN_OBJC_LITERAL_CONVERSION = YES;
				CLANG_WARN_OBJC_ROOT_CLASS = YES_ERROR;
				CLANG_WARN_QUOTED_INCLUDE_IN_FRAMEWORK_HEADER = YES;
				CLANG_WARN_RANGE_LOOP_ANALYSIS = YES;
				CLANG_WARN_STRICT_PROTOTYPES = YES;
				CLANG_WARN_SUSPICIOUS_MOVE = YES;
				CLANG_WARN_UNGUARDED_AVAILABILITY = YES_AGGRESSIVE;
				CLANG_WARN_UNREACHABLE_CODE = YES;
				CLANG_WARN__DUPLICATE_METHOD_MATCH = YES;
				COPY_PHASE_STRIP = NO;
				DEBUG_INFORMATION_FORMAT = "dwarf-with-dsym";
				ENABLE_NS_ASSERTIONS = NO;
				ENABLE_STRICT_OBJC_MSGSEND = YES;
				ENABLE_USER_SCRIPT_SANDBOXING = YES;
				GCC_C_LANGUAGE_STANDARD = gnu17;
				GCC_NO_COMMON_BLOCKS = YES;
				GCC_WARN_64_TO_32_BIT_CONVERSION = YES;
				GCC_WARN_ABOUT_RETURN_TYPE = YES_ERROR;
				GCC_WARN_UNDECLARED_SELECTOR = YES;
				GCC_WARN_UNINITIALIZED_AUTOS = YES_AGGRESSIVE;
				GCC_WARN_UNUSED_FUNCTION = YES;
				GCC_WARN_UNUSED_VARIABLE = YES;
				IPHONEOS_DEPLOYMENT_TARGET = 18.0;
				LOCALIZATION_PREFERS_STRING_CATALOGS = YES;
				MTL_ENABLE_DEBUG_INFO = NO;
				MTL_FAST_MATH = YES;
				SDKROOT = iphoneos;
				SWIFT_COMPILATION_MODE = wholemodule;
				VALIDATE_PRODUCT = YES;
			};
			name = Release;
		};
		ABADDBBF2D06F38700EB2AC8 /* Debug */ = {
			isa = XCBuildConfiguration;
			buildSettings = {
				ASSETCATALOG_COMPILER_APPICON_NAME = AppIcon;
				ASSETCATALOG_COMPILER_GLOBAL_ACCENT_COLOR_NAME = AccentColor;
				CODE_SIGN_STYLE = Automatic;
				CURRENT_PROJECT_VERSION = 1;
				DEVELOPMENT_ASSET_PATHS = "\"H4K3R N3W5/Preview Content\"";
				ENABLE_PREVIEWS = YES;
				GENERATE_INFOPLIST_FILE = YES;
				INFOPLIST_KEY_UIApplicationSceneManifest_Generation = YES;
				INFOPLIST_KEY_UIApplicationSupportsIndirectInputEvents = YES;
				INFOPLIST_KEY_UILaunchScreen_Generation = YES;
				INFOPLIST_KEY_UISupportedInterfaceOrientations_iPad = "UIInterfaceOrientationPortrait UIInterfaceOrientationPortraitUpsideDown UIInterfaceOrientationLandscapeLeft UIInterfaceOrientationLandscapeRight";
				INFOPLIST_KEY_UISupportedInterfaceOrientations_iPhone = "UIInterfaceOrientationPortrait UIInterfaceOrientationLandscapeLeft UIInterfaceOrientationLandscapeRight";
				LD_RUNPATH_SEARCH_PATHS = (
					"$(inherited)",
					"@executable_path/Frameworks",
				);
				MARKETING_VERSION = 1.0;
				PRODUCT_BUNDLE_IDENTIFIER = "com.vlad.H4K3R-N3W5";
				PRODUCT_NAME = "$(TARGET_NAME)";
				SWIFT_EMIT_LOC_STRINGS = YES;
				SWIFT_VERSION = 5.0;
				TARGETED_DEVICE_FAMILY = "1,2";
			};
			name = Debug;
		};
		ABADDBC02D06F38700EB2AC8 /* Release */ = {
			isa = XCBuildConfiguration;
			buildSettings = {
				ASSETCATALOG_COMPILER_APPICON_NAME = AppIcon;
				ASSETCATALOG_COMPILER_GLOBAL_ACCENT_COLOR_NAME = AccentColor;
				CODE_SIGN_STYLE = Automatic;
				CURRENT_PROJECT_VERSION = 1;
				DEVELOPMENT_ASSET_PATHS = "\"H4K3R N3W5/Preview Content\"";
				ENABLE_PREVIEWS = YES;
				GENERATE_INFOPLIST_FILE = YES;
				INFOPLIST_KEY_UIApplicationSceneManifest_Generation = YES;
				INFOPLIST_KEY_UIApplicationSupportsIndirectInputEvents = YES;
				INFOPLIST_KEY_UILaunchScreen_Generation = YES;
				INFOPLIST_KEY_UISupportedInterfaceOrientations_iPad = "UIInterfaceOrientationPortrait UIInterfaceOrientationPortraitUpsideDown UIInterfaceOrientationLandscapeLeft UIInterfaceOrientationLandscapeRight";
				INFOPLIST_KEY_UISupportedInterfaceOrientations_iPhone = "UIInterfaceOrientationPortrait UIInterfaceOrientationLandscapeLeft UIInterfaceOrientationLandscapeRight";
				LD_RUNPATH_SEARCH_PATHS = (
					"$(inherited)",
					"@executable_path/Frameworks",
				);
				MARKETING_VERSION = 1.0;
				PRODUCT_BUNDLE_IDENTIFIER = "com.vlad.H4K3R-N3W5";
				PRODUCT_NAME = "$(TARGET_NAME)";
				SWIFT_EMIT_LOC_STRINGS = YES;
				SWIFT_VERSION = 5.0;
				TARGETED_DEVICE_FAMILY = "1,2";
			};
			name = Release;
		};
		ABADDBC22D06F38700EB2AC8 /* Debug */ = {
			isa = XCBuildConfiguration;
			buildSettings = {
				BUNDLE_LOADER = "$(TEST_HOST)";
				CODE_SIGN_STYLE = Automatic;
				CURRENT_PROJECT_VERSION = 1;
				GENERATE_INFOPLIST_FILE = YES;
				IPHONEOS_DEPLOYMENT_TARGET = 18.0;
				MARKETING_VERSION = 1.0;
				PRODUCT_BUNDLE_IDENTIFIER = "com.vlad.H4K3R-N3W5Tests";
				PRODUCT_NAME = "$(TARGET_NAME)";
				SWIFT_EMIT_LOC_STRINGS = NO;
				SWIFT_VERSION = 5.0;
				TARGETED_DEVICE_FAMILY = "1,2";
				TEST_HOST = "$(BUILT_PRODUCTS_DIR)/H4K3R N3W5.app/$(BUNDLE_EXECUTABLE_FOLDER_PATH)/H4K3R N3W5";
			};
			name = Debug;
		};
		ABADDBC32D06F38700EB2AC8 /* Release */ = {
			isa = XCBuildConfiguration;
			buildSettings = {
				BUNDLE_LOADER = "$(TEST_HOST)";
				CODE_SIGN_STYLE = Automatic;
				CURRENT_PROJECT_VERSION = 1;
				GENERATE_INFOPLIST_FILE = YES;
				IPHONEOS_DEPLOYMENT_TARGET = 18.0;
				MARKETING_VERSION = 1.0;
				PRODUCT_BUNDLE_IDENTIFIER = "com.vlad.H4K3R-N3W5Tests";
				PRODUCT_NAME = "$(TARGET_NAME)";
				SWIFT_EMIT_LOC_STRINGS = NO;
				SWIFT_VERSION = 5.0;
				TARGETED_DEVICE_FAMILY = "1,2";
				TEST_HOST = "$(BUILT_PRODUCTS_DIR)/H4K3R N3W5.app/$(BUNDLE_EXECUTABLE_FOLDER_PATH)/H4K3R N3W5";
			};
			name = Release;
		};
		ABADDBC52D06F38700EB2AC8 /* Debug */ = {
			isa = XCBuildConfiguration;
			buildSettings = {
				CODE_SIGN_STYLE = Automatic;
				CURRENT_PROJECT_VERSION = 1;
				GENERATE_INFOPLIST_FILE = YES;
				MARKETING_VERSION = 1.0;
				PRODUCT_BUNDLE_IDENTIFIER = "com.vlad.H4K3R-N3W5UITests";
				PRODUCT_NAME = "$(TARGET_NAME)";
				SWIFT_EMIT_LOC_STRINGS = NO;
				SWIFT_VERSION = 5.0;
				TARGETED_DEVICE_FAMILY = "1,2";
				TEST_TARGET_NAME = "H4K3R N3W5";
			};
			name = Debug;
		};
		ABADDBC62D06F38700EB2AC8 /* Release */ = {
			isa = XCBuildConfiguration;
			buildSettings = {
				CODE_SIGN_STYLE = Automatic;
				CURRENT_PROJECT_VERSION = 1;
				GENERATE_INFOPLIST_FILE = YES;
				MARKETING_VERSION = 1.0;
				PRODUCT_BUNDLE_IDENTIFIER = "com.vlad.H4K3R-N3W5UITests";
				PRODUCT_NAME = "$(TARGET_NAME)";
				SWIFT_EMIT_LOC_STRINGS = NO;
				SWIFT_VERSION = 5.0;
				TARGETED_DEVICE_FAMILY = "1,2";
				TEST_TARGET_NAME = "H4K3R N3W5";
			};
			name = Release;
		};
/* End XCBuildConfiguration section */

/* Begin XCConfigurationList section */
		ABADDB952D06F38400EB2AC8 /* Build configuration list for PBXProject "H4K3R N3W5" */ = {
			isa = XCConfigurationList;
			buildConfigurations = (
				ABADDBBC2D06F38700EB2AC8 /* Debug */,
				ABADDBBD2D06F38700EB2AC8 /* Release */,
			);
			defaultConfigurationIsVisible = 0;
			defaultConfigurationName = Release;
		};
		ABADDBBE2D06F38700EB2AC8 /* Build configuration list for PBXNativeTarget "H4K3R N3W5" */ = {
			isa = XCConfigurationList;
			buildConfigurations = (
				ABADDBBF2D06F38700EB2AC8 /* Debug */,
				ABADDBC02D06F38700EB2AC8 /* Release */,
			);
			defaultConfigurationIsVisible = 0;
			defaultConfigurationName = Release;
		};
		ABADDBC12D06F38700EB2AC8 /* Build configuration list for PBXNativeTarget "H4K3R N3W5Tests" */ = {
			isa = XCConfigurationList;
			buildConfigurations = (
				ABADDBC22D06F38700EB2AC8 /* Debug */,
				ABADDBC32D06F38700EB2AC8 /* Release */,
			);
			defaultConfigurationIsVisible = 0;
			defaultConfigurationName = Release;
		};
		ABADDBC42D06F38700EB2AC8 /* Build configuration list for PBXNativeTarget "H4K3R N3W5UITests" */ = {
			isa = XCConfigurationList;
			buildConfigurations = (
				ABADDBC52D06F38700EB2AC8 /* Debug */,
				ABADDBC62D06F38700EB2AC8 /* Release */,
			);
			defaultConfigurationIsVisible = 0;
			defaultConfigurationName = Release;
		};
/* End XCConfigurationList section */
	};
	rootObject = ABADDB922D06F38400EB2AC8 /* Project object */;
}
